
Microsoft Visual Studio Solution File, Format Version 12.00
# Visual Studio Version 17
VisualStudioVersion = 17.9.34701.34
MinimumVisualStudioVersion = 10.0.40219.1
Project("{FAE04EC0-301F-11D3-BF4B-00C04F79EFBC}") = "listakezeles", "listakezeles\listakezeles.csproj", "{AC0D9332-2B89-4BBC-85C7-26A16DB706B7}"
EndProject
Global
	GlobalSection(SolutionConfigurationPlatforms) = preSolution
		Debug|Any CPU = Debug|Any CPU
		Release|Any CPU = Release|Any CPU
	EndGlobalSection
	GlobalSection(ProjectConfigurationPlatforms) = postSolution
		{AC0D9332-2B89-4BBC-85C7-26A16DB706B7}.Debug|Any CPU.ActiveCfg = Debug|Any CPU
		{AC0D9332-2B89-4BBC-85C7-26A16DB706B7}.Debug|Any CPU.Build.0 = Debug|Any CPU
		{AC0D9332-2B89-4BBC-85C7-26A16DB706B7}.Release|Any CPU.ActiveCfg = Release|Any CPU
		{AC0D9332-2B89-4BBC-85C7-26A16DB706B7}.Release|Any CPU.Build.0 = Release|Any CPU
	EndGlobalSection
	GlobalSection(SolutionProperties) = preSolution
		HideSolutionNode = FALSE
	EndGlobalSection
	GlobalSection(ExtensibilityGlobals) = postSolution
		SolutionGuid = {FE41F413-DA93-49D6-BE83-8D46163F9A2B}
	EndGlobalSection
EndGlobal
